
Microsoft Visual Studio Solution File, Format Version 12.00
# Visual Studio 15
VisualStudioVersion = 15.0.28010.2016
MinimumVisualStudioVersion = 10.0.40219.1
Project("{9A19103F-16F7-4668-BE54-9A1E7A4F7556}") = "WebAPI", "WebAPI\WebAPI.csproj", "{35144E70-ABEC-4033-B346-0724E2244F88}"
EndProject
Project("{2150E333-8FDC-42A3-9474-1A3956D46DE8}") = "CodeAnalysis", "CodeAnalysis", "{CECD0AF6-DFE2-4CEC-9925-6277DB07022D}"
	ProjectSection(SolutionItems) = preProject
		AirwaySchedule.Bot.ruleset = AirwaySchedule.Bot.ruleset
		Directory.Build.props = Directory.Build.props
		Directory.Build.targets = Directory.Build.targets
		stylecop.json = stylecop.json
	EndProjectSection
EndProject
Project("{9A19103F-16F7-4668-BE54-9A1E7A4F7556}") = "IntegrationProxy", "IntegrationProxy\IntegrationProxy.csproj", "{3CC66453-2E87-40E2-A17F-2CF85725FAEA}"
EndProject
Project("{9A19103F-16F7-4668-BE54-9A1E7A4F7556}") = "Data", "Data\Data.csproj", "{4934EFFB-BDB5-4EF0-BDF1-A30DA8A0BEB7}"
EndProject
Project("{9A19103F-16F7-4668-BE54-9A1E7A4F7556}") = "BotProcessing", "BotProcessing\BotProcessing.csproj", "{FB291267-A09F-4A45-A60F-E7FD1040CB3D}"
EndProject
Project("{FAE04EC0-301F-11D3-BF4B-00C04F79EFBC}") = "DataAccess", "DataAccess\DataAccess.csproj", "{6B747190-EF14-4D1D-BDEF-C32941196954}"
EndProject
Project("{FAE04EC0-301F-11D3-BF4B-00C04F79EFBC}") = "AdminPanelProcessing", "AdminPanelProcessing\AdminPanelProcessing.csproj", "{25F2721F-2181-4F99-820D-139728FB8276}"
EndProject
Global
	GlobalSection(SolutionConfigurationPlatforms) = preSolution
		Debug|Any CPU = Debug|Any CPU
		Release|Any CPU = Release|Any CPU
	EndGlobalSection
	GlobalSection(ProjectConfigurationPlatforms) = postSolution
		{35144E70-ABEC-4033-B346-0724E2244F88}.Debug|Any CPU.ActiveCfg = Debug|Any CPU
		{35144E70-ABEC-4033-B346-0724E2244F88}.Debug|Any CPU.Build.0 = Debug|Any CPU
		{35144E70-ABEC-4033-B346-0724E2244F88}.Release|Any CPU.ActiveCfg = Release|Any CPU
		{35144E70-ABEC-4033-B346-0724E2244F88}.Release|Any CPU.Build.0 = Release|Any CPU
		{3CC66453-2E87-40E2-A17F-2CF85725FAEA}.Debug|Any CPU.ActiveCfg = Debug|Any CPU
		{3CC66453-2E87-40E2-A17F-2CF85725FAEA}.Debug|Any CPU.Build.0 = Debug|Any CPU
		{3CC66453-2E87-40E2-A17F-2CF85725FAEA}.Release|Any CPU.ActiveCfg = Release|Any CPU
		{3CC66453-2E87-40E2-A17F-2CF85725FAEA}.Release|Any CPU.Build.0 = Release|Any CPU
		{4934EFFB-BDB5-4EF0-BDF1-A30DA8A0BEB7}.Debug|Any CPU.ActiveCfg = Debug|Any CPU
		{4934EFFB-BDB5-4EF0-BDF1-A30DA8A0BEB7}.Debug|Any CPU.Build.0 = Debug|Any CPU
		{4934EFFB-BDB5-4EF0-BDF1-A30DA8A0BEB7}.Release|Any CPU.ActiveCfg = Release|Any CPU
		{4934EFFB-BDB5-4EF0-BDF1-A30DA8A0BEB7}.Release|Any CPU.Build.0 = Release|Any CPU
		{FB291267-A09F-4A45-A60F-E7FD1040CB3D}.Debug|Any CPU.ActiveCfg = Debug|Any CPU
		{FB291267-A09F-4A45-A60F-E7FD1040CB3D}.Debug|Any CPU.Build.0 = Debug|Any CPU
		{FB291267-A09F-4A45-A60F-E7FD1040CB3D}.Release|Any CPU.ActiveCfg = Release|Any CPU
		{FB291267-A09F-4A45-A60F-E7FD1040CB3D}.Release|Any CPU.Build.0 = Release|Any CPU
		{6B747190-EF14-4D1D-BDEF-C32941196954}.Debug|Any CPU.ActiveCfg = Debug|Any CPU
		{6B747190-EF14-4D1D-BDEF-C32941196954}.Debug|Any CPU.Build.0 = Debug|Any CPU
		{6B747190-EF14-4D1D-BDEF-C32941196954}.Release|Any CPU.ActiveCfg = Release|Any CPU
		{6B747190-EF14-4D1D-BDEF-C32941196954}.Release|Any CPU.Build.0 = Release|Any CPU
		{25F2721F-2181-4F99-820D-139728FB8276}.Debug|Any CPU.ActiveCfg = Debug|Any CPU
		{25F2721F-2181-4F99-820D-139728FB8276}.Debug|Any CPU.Build.0 = Debug|Any CPU
		{25F2721F-2181-4F99-820D-139728FB8276}.Release|Any CPU.ActiveCfg = Release|Any CPU
		{25F2721F-2181-4F99-820D-139728FB8276}.Release|Any CPU.Build.0 = Release|Any CPU
	EndGlobalSection
	GlobalSection(SolutionProperties) = preSolution
		HideSolutionNode = FALSE
	EndGlobalSection
	GlobalSection(ExtensibilityGlobals) = postSolution
		SolutionGuid = {68DD7F87-CFFF-4760-8CE2-D3364C7436BA}
	EndGlobalSection
EndGlobal
